
Microsoft Visual Studio Solution File, Format Version 12.00
# Visual Studio 15
VisualStudioVersion = 15.0.28307.438
MinimumVisualStudioVersion = 10.0.40219.1
Project("{FAE04EC0-301F-11D3-BF4B-00C04F79EFBC}") = "FizzBuzzExclusiveOr", "FizzBuzzExclusiveOr\FizzBuzzExclusiveOr.csproj", "{4CA45CE1-5FF5-4DDA-8253-DA2C14B7ADFB}"
EndProject
Global
	GlobalSection(SolutionConfigurationPlatforms) = preSolution
		Debug|Any CPU = Debug|Any CPU
		Release|Any CPU = Release|Any CPU
	EndGlobalSection
	GlobalSection(ProjectConfigurationPlatforms) = postSolution
		{4CA45CE1-5FF5-4DDA-8253-DA2C14B7ADFB}.Debug|Any CPU.ActiveCfg = Debug|Any CPU
		{4CA45CE1-5FF5-4DDA-8253-DA2C14B7ADFB}.Debug|Any CPU.Build.0 = Debug|Any CPU
		{4CA45CE1-5FF5-4DDA-8253-DA2C14B7ADFB}.Release|Any CPU.ActiveCfg = Release|Any CPU
		{4CA45CE1-5FF5-4DDA-8253-DA2C14B7ADFB}.Release|Any CPU.Build.0 = Release|Any CPU
	EndGlobalSection
	GlobalSection(SolutionProperties) = preSolution
		HideSolutionNode = FALSE
	EndGlobalSection
	GlobalSection(ExtensibilityGlobals) = postSolution
		SolutionGuid = {691D868F-9690-4491-A802-2613EAD2C136}
	EndGlobalSection
EndGlobal
